
Microsoft Visual Studio Solution File, Format Version 12.00
# Visual Studio Version 17
VisualStudioVersion = 17.0.31903.59
MinimumVisualStudioVersion = 10.0.40219.1
Project("{FAE04EC0-301F-11D3-BF4B-00C04F79EFBC}") = "Program", "Program\Program.csproj", "{BE8DDE85-6A4A-49EC-83D1-FB5B6A1BEF6B}"
EndProject
Project("{FAE04EC0-301F-11D3-BF4B-00C04F79EFBC}") = "CustomList", "CustomList\CustomList.csproj", "{20D93000-334A-442A-AB36-24A4AB075959}"
EndProject
Project("{FAE04EC0-301F-11D3-BF4B-00C04F79EFBC}") = "CustomStack", "CustomStack\CustomStack.csproj", "{788D95DF-5391-49B3-B93D-DF095A897717}"
EndProject
Global
	GlobalSection(SolutionConfigurationPlatforms) = preSolution
		Debug|Any CPU = Debug|Any CPU
		Debug|x64 = Debug|x64
		Debug|x86 = Debug|x86
		Release|Any CPU = Release|Any CPU
		Release|x64 = Release|x64
		Release|x86 = Release|x86
	EndGlobalSection
	GlobalSection(ProjectConfigurationPlatforms) = postSolution
		{BE8DDE85-6A4A-49EC-83D1-FB5B6A1BEF6B}.Debug|Any CPU.ActiveCfg = Debug|Any CPU
		{BE8DDE85-6A4A-49EC-83D1-FB5B6A1BEF6B}.Debug|Any CPU.Build.0 = Debug|Any CPU
		{BE8DDE85-6A4A-49EC-83D1-FB5B6A1BEF6B}.Debug|x64.ActiveCfg = Debug|Any CPU
		{BE8DDE85-6A4A-49EC-83D1-FB5B6A1BEF6B}.Debug|x64.Build.0 = Debug|Any CPU
		{BE8DDE85-6A4A-49EC-83D1-FB5B6A1BEF6B}.Debug|x86.ActiveCfg = Debug|Any CPU
		{BE8DDE85-6A4A-49EC-83D1-FB5B6A1BEF6B}.Debug|x86.Build.0 = Debug|Any CPU
		{BE8DDE85-6A4A-49EC-83D1-FB5B6A1BEF6B}.Release|Any CPU.ActiveCfg = Release|Any CPU
		{BE8DDE85-6A4A-49EC-83D1-FB5B6A1BEF6B}.Release|Any CPU.Build.0 = Release|Any CPU
		{BE8DDE85-6A4A-49EC-83D1-FB5B6A1BEF6B}.Release|x64.ActiveCfg = Release|Any CPU
		{BE8DDE85-6A4A-49EC-83D1-FB5B6A1BEF6B}.Release|x64.Build.0 = Release|Any CPU
		{BE8DDE85-6A4A-49EC-83D1-FB5B6A1BEF6B}.Release|x86.ActiveCfg = Release|Any CPU
		{BE8DDE85-6A4A-49EC-83D1-FB5B6A1BEF6B}.Release|x86.Build.0 = Release|Any CPU
		{20D93000-334A-442A-AB36-24A4AB075959}.Debug|Any CPU.ActiveCfg = Debug|Any CPU
		{20D93000-334A-442A-AB36-24A4AB075959}.Debug|Any CPU.Build.0 = Debug|Any CPU
		{20D93000-334A-442A-AB36-24A4AB075959}.Debug|x64.ActiveCfg = Debug|Any CPU
		{20D93000-334A-442A-AB36-24A4AB075959}.Debug|x64.Build.0 = Debug|Any CPU
		{20D93000-334A-442A-AB36-24A4AB075959}.Debug|x86.ActiveCfg = Debug|Any CPU
		{20D93000-334A-442A-AB36-24A4AB075959}.Debug|x86.Build.0 = Debug|Any CPU
		{20D93000-334A-442A-AB36-24A4AB075959}.Release|Any CPU.ActiveCfg = Release|Any CPU
		{20D93000-334A-442A-AB36-24A4AB075959}.Release|Any CPU.Build.0 = Release|Any CPU
		{20D93000-334A-442A-AB36-24A4AB075959}.Release|x64.ActiveCfg = Release|Any CPU
		{20D93000-334A-442A-AB36-24A4AB075959}.Release|x64.Build.0 = Release|Any CPU
		{20D93000-334A-442A-AB36-24A4AB075959}.Release|x86.ActiveCfg = Release|Any CPU
		{20D93000-334A-442A-AB36-24A4AB075959}.Release|x86.Build.0 = Release|Any CPU
		{788D95DF-5391-49B3-B93D-DF095A897717}.Debug|Any CPU.ActiveCfg = Debug|Any CPU
		{788D95DF-5391-49B3-B93D-DF095A897717}.Debug|Any CPU.Build.0 = Debug|Any CPU
		{788D95DF-5391-49B3-B93D-DF095A897717}.Debug|x64.ActiveCfg = Debug|Any CPU
		{788D95DF-5391-49B3-B93D-DF095A897717}.Debug|x64.Build.0 = Debug|Any CPU
		{788D95DF-5391-49B3-B93D-DF095A897717}.Debug|x86.ActiveCfg = Debug|Any CPU
		{788D95DF-5391-49B3-B93D-DF095A897717}.Debug|x86.Build.0 = Debug|Any CPU
		{788D95DF-5391-49B3-B93D-DF095A897717}.Release|Any CPU.ActiveCfg = Release|Any CPU
		{788D95DF-5391-49B3-B93D-DF095A897717}.Release|Any CPU.Build.0 = Release|Any CPU
		{788D95DF-5391-49B3-B93D-DF095A897717}.Release|x64.ActiveCfg = Release|Any CPU
		{788D95DF-5391-49B3-B93D-DF095A897717}.Release|x64.Build.0 = Release|Any CPU
		{788D95DF-5391-49B3-B93D-DF095A897717}.Release|x86.ActiveCfg = Release|Any CPU
		{788D95DF-5391-49B3-B93D-DF095A897717}.Release|x86.Build.0 = Release|Any CPU
	EndGlobalSection
	GlobalSection(SolutionProperties) = preSolution
		HideSolutionNode = FALSE
	EndGlobalSection
EndGlobal
